
Microsoft Visual Studio Solution File, Format Version 12.00
# Visual Studio Version 16
VisualStudioVersion = 16.0.29025.244
MinimumVisualStudioVersion = 10.0.40219.1
Project("{FAE04EC0-301F-11D3-BF4B-00C04F79EFBC}") = "IntroductionTDD", "IntroductionTDD\IntroductionTDD.csproj", "{1F27DCA1-1B57-412F-9C77-3AC3F3E57D85}"
EndProject
Project("{9A19103F-16F7-4668-BE54-9A1E7A4F7556}") = "XUnitTestProject", "XUnitTestProject\XUnitTestProject.csproj", "{8FA5D393-6E44-4105-A7FD-1DC5FB1FE4F8}"
EndProject
Project("{FAE04EC0-301F-11D3-BF4B-00C04F79EFBC}") = "OddService", "OddService\OddService.csproj", "{E322D3A7-984A-47F2-8F97-3E3009A407E6}"
EndProject
Project("{FAE04EC0-301F-11D3-BF4B-00C04F79EFBC}") = "OddServiceTests", "OddServiceTests\OddServiceTests.csproj", "{1C1EF6DC-4913-4915-B3AE-CC9A1EC6CDAC}"
EndProject
Project("{FAE04EC0-301F-11D3-BF4B-00C04F79EFBC}") = "NoSRP", "NoSRP\NoSRP.csproj", "{11AE2046-0D26-4D74-89DF-1EA36ADAC273}"
EndProject
Project("{FAE04EC0-301F-11D3-BF4B-00C04F79EFBC}") = "SRPSection4", "SRP\SRPSection4.csproj", "{1341101D-CC36-49EE-9718-2CCCA81E3CEF}"
EndProject
Project("{FAE04EC0-301F-11D3-BF4B-00C04F79EFBC}") = "Singleton_Section4", "Singleton_Section4\Singleton_Section4.csproj", "{EAA7EE0F-70B3-4DB7-8549-DE5A55A3906D}"
EndProject
Global
	GlobalSection(SolutionConfigurationPlatforms) = preSolution
		Debug|Any CPU = Debug|Any CPU
		Release|Any CPU = Release|Any CPU
	EndGlobalSection
	GlobalSection(ProjectConfigurationPlatforms) = postSolution
		{1F27DCA1-1B57-412F-9C77-3AC3F3E57D85}.Debug|Any CPU.ActiveCfg = Debug|Any CPU
		{1F27DCA1-1B57-412F-9C77-3AC3F3E57D85}.Debug|Any CPU.Build.0 = Debug|Any CPU
		{1F27DCA1-1B57-412F-9C77-3AC3F3E57D85}.Release|Any CPU.ActiveCfg = Release|Any CPU
		{1F27DCA1-1B57-412F-9C77-3AC3F3E57D85}.Release|Any CPU.Build.0 = Release|Any CPU
		{8FA5D393-6E44-4105-A7FD-1DC5FB1FE4F8}.Debug|Any CPU.ActiveCfg = Debug|Any CPU
		{8FA5D393-6E44-4105-A7FD-1DC5FB1FE4F8}.Debug|Any CPU.Build.0 = Debug|Any CPU
		{8FA5D393-6E44-4105-A7FD-1DC5FB1FE4F8}.Release|Any CPU.ActiveCfg = Release|Any CPU
		{8FA5D393-6E44-4105-A7FD-1DC5FB1FE4F8}.Release|Any CPU.Build.0 = Release|Any CPU
		{E322D3A7-984A-47F2-8F97-3E3009A407E6}.Debug|Any CPU.ActiveCfg = Debug|Any CPU
		{E322D3A7-984A-47F2-8F97-3E3009A407E6}.Debug|Any CPU.Build.0 = Debug|Any CPU
		{E322D3A7-984A-47F2-8F97-3E3009A407E6}.Release|Any CPU.ActiveCfg = Release|Any CPU
		{E322D3A7-984A-47F2-8F97-3E3009A407E6}.Release|Any CPU.Build.0 = Release|Any CPU
		{1C1EF6DC-4913-4915-B3AE-CC9A1EC6CDAC}.Debug|Any CPU.ActiveCfg = Debug|Any CPU
		{1C1EF6DC-4913-4915-B3AE-CC9A1EC6CDAC}.Debug|Any CPU.Build.0 = Debug|Any CPU
		{1C1EF6DC-4913-4915-B3AE-CC9A1EC6CDAC}.Release|Any CPU.ActiveCfg = Release|Any CPU
		{1C1EF6DC-4913-4915-B3AE-CC9A1EC6CDAC}.Release|Any CPU.Build.0 = Release|Any CPU
		{11AE2046-0D26-4D74-89DF-1EA36ADAC273}.Debug|Any CPU.ActiveCfg = Debug|Any CPU
		{11AE2046-0D26-4D74-89DF-1EA36ADAC273}.Debug|Any CPU.Build.0 = Debug|Any CPU
		{11AE2046-0D26-4D74-89DF-1EA36ADAC273}.Release|Any CPU.ActiveCfg = Release|Any CPU
		{11AE2046-0D26-4D74-89DF-1EA36ADAC273}.Release|Any CPU.Build.0 = Release|Any CPU
		{1341101D-CC36-49EE-9718-2CCCA81E3CEF}.Debug|Any CPU.ActiveCfg = Debug|Any CPU
		{1341101D-CC36-49EE-9718-2CCCA81E3CEF}.Debug|Any CPU.Build.0 = Debug|Any CPU
		{1341101D-CC36-49EE-9718-2CCCA81E3CEF}.Release|Any CPU.ActiveCfg = Release|Any CPU
		{1341101D-CC36-49EE-9718-2CCCA81E3CEF}.Release|Any CPU.Build.0 = Release|Any CPU
		{EAA7EE0F-70B3-4DB7-8549-DE5A55A3906D}.Debug|Any CPU.ActiveCfg = Debug|Any CPU
		{EAA7EE0F-70B3-4DB7-8549-DE5A55A3906D}.Debug|Any CPU.Build.0 = Debug|Any CPU
		{EAA7EE0F-70B3-4DB7-8549-DE5A55A3906D}.Release|Any CPU.ActiveCfg = Release|Any CPU
		{EAA7EE0F-70B3-4DB7-8549-DE5A55A3906D}.Release|Any CPU.Build.0 = Release|Any CPU
	EndGlobalSection
	GlobalSection(SolutionProperties) = preSolution
		HideSolutionNode = FALSE
	EndGlobalSection
	GlobalSection(ExtensibilityGlobals) = postSolution
		SolutionGuid = {F9226FD5-F8BC-4178-8AB9-71A9A13D7786}
	EndGlobalSection
EndGlobal
